
Microsoft Visual Studio Solution File, Format Version 12.00
# Visual Studio Version 16
VisualStudioVersion = 16.0.30011.22
MinimumVisualStudioVersion = 10.0.40219.1
Project("{FAE04EC0-301F-11D3-BF4B-00C04F79EFBC}") = "CharcoalCompanion.MVC", "CharcoalCompanion.MVC\CharcoalCompanion.MVC.csproj", "{925FE023-ECF3-45F2-91E2-5158E4F3CE61}"
EndProject
Project("{FAE04EC0-301F-11D3-BF4B-00C04F79EFBC}") = "CharcoalCompanion.Data", "CharcoalCompanion.Data\CharcoalCompanion.Data.csproj", "{F792D153-8861-4EE5-BB7F-5E9FD2DCF4D2}"
EndProject
Project("{FAE04EC0-301F-11D3-BF4B-00C04F79EFBC}") = "CharcoalCompanion.Models", "CharcoalCompanion.Models\CharcoalCompanion.Models.csproj", "{C7196DD0-BF26-433B-B0C7-F552B80F88C1}"
EndProject
Project("{FAE04EC0-301F-11D3-BF4B-00C04F79EFBC}") = "CharcoalCompanion.Services", "CharcoalCompanion.Services\CharcoalCompanion.Services.csproj", "{61BB3C7D-3A9F-49E9-ACA6-71A584375E1B}"
EndProject
Project("{FAE04EC0-301F-11D3-BF4B-00C04F79EFBC}") = "CharcoalCompanion.Contracts", "CharcoalCompanion.Contracts\CharcoalCompanion.Contracts.csproj", "{ED5CDF66-890C-4B76-AE55-EF2451ECCC54}"
EndProject
Global
	GlobalSection(SolutionConfigurationPlatforms) = preSolution
		Debug|Any CPU = Debug|Any CPU
		Release|Any CPU = Release|Any CPU
	EndGlobalSection
	GlobalSection(ProjectConfigurationPlatforms) = postSolution
		{925FE023-ECF3-45F2-91E2-5158E4F3CE61}.Debug|Any CPU.ActiveCfg = Debug|Any CPU
		{925FE023-ECF3-45F2-91E2-5158E4F3CE61}.Debug|Any CPU.Build.0 = Debug|Any CPU
		{925FE023-ECF3-45F2-91E2-5158E4F3CE61}.Release|Any CPU.ActiveCfg = Release|Any CPU
		{925FE023-ECF3-45F2-91E2-5158E4F3CE61}.Release|Any CPU.Build.0 = Release|Any CPU
		{F792D153-8861-4EE5-BB7F-5E9FD2DCF4D2}.Debug|Any CPU.ActiveCfg = Debug|Any CPU
		{F792D153-8861-4EE5-BB7F-5E9FD2DCF4D2}.Debug|Any CPU.Build.0 = Debug|Any CPU
		{F792D153-8861-4EE5-BB7F-5E9FD2DCF4D2}.Release|Any CPU.ActiveCfg = Release|Any CPU
		{F792D153-8861-4EE5-BB7F-5E9FD2DCF4D2}.Release|Any CPU.Build.0 = Release|Any CPU
		{C7196DD0-BF26-433B-B0C7-F552B80F88C1}.Debug|Any CPU.ActiveCfg = Debug|Any CPU
		{C7196DD0-BF26-433B-B0C7-F552B80F88C1}.Debug|Any CPU.Build.0 = Debug|Any CPU
		{C7196DD0-BF26-433B-B0C7-F552B80F88C1}.Release|Any CPU.ActiveCfg = Release|Any CPU
		{C7196DD0-BF26-433B-B0C7-F552B80F88C1}.Release|Any CPU.Build.0 = Release|Any CPU
		{61BB3C7D-3A9F-49E9-ACA6-71A584375E1B}.Debug|Any CPU.ActiveCfg = Debug|Any CPU
		{61BB3C7D-3A9F-49E9-ACA6-71A584375E1B}.Debug|Any CPU.Build.0 = Debug|Any CPU
		{61BB3C7D-3A9F-49E9-ACA6-71A584375E1B}.Release|Any CPU.ActiveCfg = Release|Any CPU
		{61BB3C7D-3A9F-49E9-ACA6-71A584375E1B}.Release|Any CPU.Build.0 = Release|Any CPU
		{ED5CDF66-890C-4B76-AE55-EF2451ECCC54}.Debug|Any CPU.ActiveCfg = Debug|Any CPU
		{ED5CDF66-890C-4B76-AE55-EF2451ECCC54}.Debug|Any CPU.Build.0 = Debug|Any CPU
		{ED5CDF66-890C-4B76-AE55-EF2451ECCC54}.Release|Any CPU.ActiveCfg = Release|Any CPU
		{ED5CDF66-890C-4B76-AE55-EF2451ECCC54}.Release|Any CPU.Build.0 = Release|Any CPU
	EndGlobalSection
	GlobalSection(SolutionProperties) = preSolution
		HideSolutionNode = FALSE
	EndGlobalSection
	GlobalSection(ExtensibilityGlobals) = postSolution
		SolutionGuid = {47EFB868-EAB7-4F52-A04A-06AB1AA23D5A}
	EndGlobalSection
EndGlobal
